
Microsoft Visual Studio Solution File, Format Version 12.00
# Visual Studio 15
VisualStudioVersion = 15.0.28307.1145
MinimumVisualStudioVersion = 10.0.40219.1
Project("{FAE04EC0-301F-11D3-BF4B-00C04F79EFBC}") = "Gas_By_Gas_API", "Gas_By_Gas_API\Gas_By_Gas_API.csproj", "{4ABB78EA-8D2B-473F-A4A3-5F85BB487428}"
EndProject
Global
	GlobalSection(SolutionConfigurationPlatforms) = preSolution
		Debug|Any CPU = Debug|Any CPU
		Release|Any CPU = Release|Any CPU
	EndGlobalSection
	GlobalSection(ProjectConfigurationPlatforms) = postSolution
		{4ABB78EA-8D2B-473F-A4A3-5F85BB487428}.Debug|Any CPU.ActiveCfg = Debug|Any CPU
		{4ABB78EA-8D2B-473F-A4A3-5F85BB487428}.Debug|Any CPU.Build.0 = Debug|Any CPU
		{4ABB78EA-8D2B-473F-A4A3-5F85BB487428}.Release|Any CPU.ActiveCfg = Release|Any CPU
		{4ABB78EA-8D2B-473F-A4A3-5F85BB487428}.Release|Any CPU.Build.0 = Release|Any CPU
	EndGlobalSection
	GlobalSection(SolutionProperties) = preSolution
		HideSolutionNode = FALSE
	EndGlobalSection
	GlobalSection(ExtensibilityGlobals) = postSolution
		SolutionGuid = {DD72441B-A137-46D7-8BE9-BE41BBF6DBCF}
	EndGlobalSection
EndGlobal
